<?xml version="1.0" encoding="utf-8"?>
<Project ToolsVersion="16.0" xmlns="http://schemas.microsoft.com/developer/msbuild/2003">
  <ItemGroup>
    <CustomBuild Include="H:\Downloads\ovr_sdk_win_32.0.0\Samples_build\CMakeFiles\b6a788059b1053d15c3eacd8c830be16\generate.stamp.rule">
      <Filter>CMake Rules</Filter>
    </CustomBuild>
  </ItemGroup>
  <ItemGroup>
    <Filter Include="CMake Rules">
      <UniqueIdentifier>{11BEB428-B546-3FB2-870D-F6DC0BCA5D84}</UniqueIdentifier>
    </Filter>
  </ItemGroup>
</Project>
